
Microsoft Visual Studio Solution File, Format Version 12.00
# Visual Studio 15
VisualStudioVersion = 15.0.27004.2005
MinimumVisualStudioVersion = 10.0.40219.1
Project("{FAE04EC0-301F-11D3-BF4B-00C04F79EFBC}") = "WebApplication1", "WebApplication1\WebApplication1.csproj", "{A04BED1F-28DD-4D0B-91C2-1A2F4DE72A89}"
EndProject
Global
	GlobalSection(SolutionConfigurationPlatforms) = preSolution
		Debug|Any CPU = Debug|Any CPU
		Release|Any CPU = Release|Any CPU
	EndGlobalSection
	GlobalSection(ProjectConfigurationPlatforms) = postSolution
		{A04BED1F-28DD-4D0B-91C2-1A2F4DE72A89}.Debug|Any CPU.ActiveCfg = Debug|Any CPU
		{A04BED1F-28DD-4D0B-91C2-1A2F4DE72A89}.Debug|Any CPU.Build.0 = Debug|Any CPU
		{A04BED1F-28DD-4D0B-91C2-1A2F4DE72A89}.Release|Any CPU.ActiveCfg = Release|Any CPU
		{A04BED1F-28DD-4D0B-91C2-1A2F4DE72A89}.Release|Any CPU.Build.0 = Release|Any CPU
	EndGlobalSection
	GlobalSection(SolutionProperties) = preSolution
		HideSolutionNode = FALSE
	EndGlobalSection
	GlobalSection(ExtensibilityGlobals) = postSolution
		SolutionGuid = {D520DD89-1FB8-4382-922D-E5FB6EFC6E86}
	EndGlobalSection
EndGlobal
